
Microsoft Visual Studio Solution File, Format Version 12.00
# Visual Studio Version 16
VisualStudioVersion = 16.0.29519.87
MinimumVisualStudioVersion = 10.0.40219.1
Project("{9A19103F-16F7-4668-BE54-9A1E7A4F7556}") = "ManagePrinter", "ManagePrinter\ManagePrinter.csproj", "{39B7BE8C-F84F-455A-A04D-F1DF36A18F55}"
EndProject
Project("{FAE04EC0-301F-11D3-BF4B-00C04F79EFBC}") = "ManagePrinter.Core", "ManagePrinter.Core\ManagePrinter.Core.csproj", "{9D827418-B4FD-4816-B071-7522441FD443}"
EndProject
Global
	GlobalSection(SolutionConfigurationPlatforms) = preSolution
		Debug|Any CPU = Debug|Any CPU
		Release|Any CPU = Release|Any CPU
	EndGlobalSection
	GlobalSection(ProjectConfigurationPlatforms) = postSolution
		{39B7BE8C-F84F-455A-A04D-F1DF36A18F55}.Debug|Any CPU.ActiveCfg = Debug|Any CPU
		{39B7BE8C-F84F-455A-A04D-F1DF36A18F55}.Debug|Any CPU.Build.0 = Debug|Any CPU
		{39B7BE8C-F84F-455A-A04D-F1DF36A18F55}.Release|Any CPU.ActiveCfg = Release|Any CPU
		{39B7BE8C-F84F-455A-A04D-F1DF36A18F55}.Release|Any CPU.Build.0 = Release|Any CPU
		{9D827418-B4FD-4816-B071-7522441FD443}.Debug|Any CPU.ActiveCfg = Debug|Any CPU
		{9D827418-B4FD-4816-B071-7522441FD443}.Debug|Any CPU.Build.0 = Debug|Any CPU
		{9D827418-B4FD-4816-B071-7522441FD443}.Release|Any CPU.ActiveCfg = Release|Any CPU
		{9D827418-B4FD-4816-B071-7522441FD443}.Release|Any CPU.Build.0 = Release|Any CPU
	EndGlobalSection
	GlobalSection(SolutionProperties) = preSolution
		HideSolutionNode = FALSE
	EndGlobalSection
	GlobalSection(ExtensibilityGlobals) = postSolution
		SolutionGuid = {13F3BCE4-EFFF-4299-A7FA-FDFA28429AC2}
	EndGlobalSection
EndGlobal
